lockfileVersion: 5.4

specifiers:
  csv-parser: ^3.0.0
  csv-stringify: ^6.4.4
  date-fns: ^2.30.0
  js-big-decimal: ^2.0.4
  stream-chain: ^2.2.5
  stream-json: ^1.8.0

dependencies:
  csv-parser: 3.0.0
  csv-stringify: 6.4.4
  date-fns: 2.30.0
  js-big-decimal: 2.0.4
  stream-chain: 2.2.5
  stream-json: 1.8.0

packages:

  /@babel/runtime/7.23.1:
    resolution: {integrity: sha512-hC2v6p8ZSI/W0HUzh3V8C5g+NwSKzKPtJwSpTjwl0o297GP9+ZLQSkdvHz46CM3LqyoXxq+5G9komY+eSqSO0g==}
    engines: {node: '>=6.9.0'}
    dependencies:
      regenerator-runtime: 0.14.0
    dev: false

  /csv-parser/3.0.0:
    resolution: {integrity: sha512-s6OYSXAK3IdKqYO33y09jhypG/bSDHPuyCme/IdEHfWpLf/jKcpitVFyOC6UemgGk8v7Q5u2XE0vvwmanxhGlQ==}
    engines: {node: '>= 10'}
    hasBin: true
    dependencies:
      minimist: 1.2.8
    dev: false

  /csv-stringify/6.4.4:
    resolution: {integrity: sha512-NDshLupGa7gp4UG4sSNIqwYJqgSwvds0SvENntxoVoVvTzXcrHvd5gG2MWpbRpSNvk59dlmIe1IwNvSxN4IVmg==}
    dev: false

  /date-fns/2.30.0:
    resolution: {integrity: sha512-fnULvOpxnC5/Vg3NCiWelDsLiUc9bRwAPs/+LfTLNvetFCtCTN+yQz15C/fs4AwX1R9K5GLtLfn8QW+dWisaAw==}
    engines: {node: '>=0.11'}
    dependencies:
      '@babel/runtime': 7.23.1
    dev: false

  /js-big-decimal/2.0.4:
    resolution: {integrity: sha512-y2IkNqwCqJyUVkiW/ddqxDAzCojoIKKBHIXBGEprtEs+93Zk64Y2ZWHt1MzTRM+ASpKdOurYLcss4BX25bkGyQ==}
    dev: false

  /minimist/1.2.8:
    resolution: {integrity: sha512-2yyAR8qBkN3YuheJanUpWC5U3bb5osDywNB8RzDVlDwDHbocAJveqqj1u8+SVD7jkWT4yvsHCpWqqWqAxb0zCA==}
    dev: false

  /regenerator-runtime/0.14.0:
    resolution: {integrity: sha512-srw17NI0TUWHuGa5CFGGmhfNIeja30WMBfbslPNhf6JrqQlLN5gcrvig1oqPxiVaXb0oW0XRKtH6Nngs5lKCIA==}
    dev: false

  /stream-chain/2.2.5:
    resolution: {integrity: sha512-1TJmBx6aSWqZ4tx7aTpBDXK0/e2hhcNSTV8+CbFJtDjbb+I1mZ8lHit0Grw9GRT+6JbIrrDd8esncgBi8aBXGA==}
    dev: false

  /stream-json/1.8.0:
    resolution: {integrity: sha512-HZfXngYHUAr1exT4fxlbc1IOce1RYxp2ldeaf97LYCOPSoOqY/1Psp7iGvpb+6JIOgkra9zDYnPX01hGAHzEPw==}
    dependencies:
      stream-chain: 2.2.5
    dev: false
